github.com/fatih/color v1.16.0 h1:zmkK9Ngbjj+K0yRhTVONQh1p/HknKYSlNT+vZCzyokM=
github.com/fatih/color v1.16.0/go.mod h1:fL2Sau1YI5c0pdGEVCbKQbLXB6edEj1ZgiY4NijnWvE=
github.com/hashicorp/go-cleanhttp v0.5.2 h1:035FKYIWjmULyFRBKPs8TBQoi0x6d9G4xc9neXJWAZQ=
github.com/hashicorp/go-cleanhttp v0.5.2/go.mod h1:kO/YDlP8L1346E6Sodw+PrpBSV4/SoxCXGY6BqNFT48=
github.com/hashicorp/go-hclog v1.6.3 h1:Qr2kF+eVWjTiYmU7Y31tYlP1h0q/X3Nl3tPGdaB11/k=
github.com/hashicorp/go-hclog v1.6.3/go.mod h1:W4Qnvbt70Wk/zYJryRzDRU/4r0kIg0PVHBcfoyhpF5M=
github.com/hashicorp/go-retryablehttp v0.7.7 h1:C8hUCYzor8PIfXHa4UrZkU4VvK8o9ISHxT2Q8+VepXU=
github.com/hashicorp/go-retryablehttp v0.7.7/go.mod h1:pkQpWZeYWskR+D1tR2O5OcBFOxfA7DoAO6xtkuQnHTk=
github.com/joho/godotenv v1.5.1 h1:7eLL/+HRGLY0ldzfGMeQkb7vMd0as4CfYvUVzLqw0N0=
github.com/joho/godotenv v1.5.1/go.mod h1:f4LDr5Voq0i2e/R5DDNOoa2zzDfwtkZa6DnEwAbqwq4=
github.com/kelseyhightower/envconfig v1.4.0 h1:Im6hONhd3pLkfDFsbRgu68RDNkGF1r3dvMUtDTo2cv8=
github.com/kelseyhightower/envconfig v1.4.0/go.mod h1:cccZRl6mQpaq41TPp5QxidR+Sa3axMbJDNb//FQX6Gg=
github.com/mattn/go-colorable v0.1.13 h1:fFA4WZxdEF4tXPZVKMLwD8oUnCTTo08duU7wxecdEvA=
github.com/mattn/go-colorable v0.1.13/go.mod h1:7S9/ev0klgBDR4GtXTXX8a3vIGJpMovkB8vQcUbaXHg=
github.com/mattn/go-isatty v0.0.20 h1:xfD0iDuEKnDkl03q4limB+vH+GxLEtL/jb4xVJSWWEY=
github.com/mattn/go-isatty v0.0.20/go.mod h1:W+V8PltTTMOvKvAeJH7IuucS94S2C6jfK/D7dTCTo3Y=
github.com/noi-techpark/go-opendatahub-discoverswiss v0.0.0-20250227152554-e14f26774568 h1:Sa3Q0suq7mSbMlT3zgpldiff78Z2hljEmtXez1THOvs=
github.com/noi-techpark/go-opendatahub-discoverswiss v0.0.0-20250227152554-e14f26774568/go.mod h1:5WamTY7eAAHj6B3jHwAbudv6rnUY5f5OqGyY3UWothg=
github.com/noi-techpark/go-opendatahub-discoverswiss v0.0.0-20250228102322-cde9819a5550 h1:qaCqxyR2L7FxqosimPwivAdnV8/NLjqc5+7A7CaKQC4=
github.com/noi-techpark/go-opendatahub-discoverswiss v0.0.0-20250228102322-cde9819a5550/go.mod h1:5WamTY7eAAHj6B3jHwAbudv6rnUY5f5OqGyY3UWothg=
github.com/noi-techpark/go-opendatahub-discoverswiss v0.0.0-20250228124011-8ac8db254d06 h1:ddmVqDQka4AHW3hEZQ0WzQ/7u9iUDYVU4H609xdR/BY=
github.com/noi-techpark/go-opendatahub-discoverswiss v0.0.0-20250228124011-8ac8db254d06/go.mod h1:5WamTY7eAAHj6B3jHwAbudv6rnUY5f5OqGyY3UWothg=
github.com/noi-techpark/go-opendatahub-discoverswiss v0.0.0-20250228154840-c5a02f67ee9f h1:UKBzv/77NR2cjoEC2YA0fo2/ppgWBbK6XglZCi+yHfQ=
github.com/noi-techpark/go-opendatahub-discoverswiss v0.0.0-20250228154840-c5a02f67ee9f/go.mod h1:5WamTY7eAAHj6B3jHwAbudv6rnUY5f5OqGyY3UWothg=
github.com/noi-techpark/go-opendatahub-discoverswiss v0.0.0-20250304084243-5b6e61e7250f h1:WYQaJKjEM7j2rLIZIZc8IowZxUE/5+CfeC2lfvmRWLE=
github.com/noi-techpark/go-opendatahub-discoverswiss v0.0.0-20250304084243-5b6e61e7250f/go.mod h1:5WamTY7eAAHj6B3jHwAbudv6rnUY5f5OqGyY3UWothg=
github.com/noi-techpark/go-opendatahub-discoverswiss v0.0.0-20250305140652-5f380931ddf2 h1:tKXDRYKjALqsRwxnuFHy3fyIIRXZsMlxhesBpoST8SY=
github.com/noi-techpark/go-opendatahub-discoverswiss v0.0.0-20250305140652-5f380931ddf2/go.mod h1:5WamTY7eAAHj6B3jHwAbudv6rnUY5f5OqGyY3UWothg=
github.com/noi-techpark/go-opendatahub-discoverswiss v0.0.0-20250306093115-be9b65f8d3d9 h1:d4DGt/tncBsHQoIPdGe/HY8hV1dBGM+sQjYQqzYA8Kc=
github.com/noi-techpark/go-opendatahub-discoverswiss v0.0.0-20250306093115-be9b65f8d3d9/go.mod h1:5WamTY7eAAHj6B3jHwAbudv6rnUY5f5OqGyY3UWothg=
github.com/noi-techpark/go-opendatahub-discoverswiss v0.0.0-20250306095836-d821459d9dd8 h1:oEkGP1a56RUteBIV6Je4ISiPqTNXMtGCXp5Vqp8Lreg=
github.com/noi-techpark/go-opendatahub-discoverswiss v0.0.0-20250306095836-d821459d9dd8/go.mod h1:5WamTY7eAAHj6B3jHwAbudv6rnUY5f5OqGyY3UWothg=
github.com/noi-techpark/go-opendatahub-discoverswiss v0.0.0-20250306105709-66d7ced87833 h1:Nz1Ucs6bpa/odhgQTQMZUpHEHuTjqw2g2S3iUBvkn0U=
github.com/noi-techpark/go-opendatahub-discoverswiss v0.0.0-20250306105709-66d7ced87833/go.mod h1:5WamTY7eAAHj6B3jHwAbudv6rnUY5f5OqGyY3UWothg=
github.com/noi-techpark/go-opendatahub-discoverswiss v0.0.0-20250325093525-f1c5e788ef87 h1:gvCSU8vZXjsnfqp/ah6oXByyFtVbZuq4BwcKeogDiw4=
github.com/noi-techpark/go-opendatahub-discoverswiss v0.0.0-20250325093525-f1c5e788ef87/go.mod h1:5WamTY7eAAHj6B3jHwAbudv6rnUY5f5OqGyY3UWothg=
github.com/noi-techpark/go-opendatahub-discoverswiss v0.0.0-20250326091505-c503023db633 h1:1netN2udhiE7e/J9p6u1vj7wd5fzd7scSEiI1kgfNP0=
github.com/noi-techpark/go-opendatahub-discoverswiss v0.0.0-20250326091505-c503023db633/go.mod h1:5WamTY7eAAHj6B3jHwAbudv6rnUY5f5OqGyY3UWothg=
github.com/noi-techpark/go-opendatahub-discoverswiss v0.0.0-20250327083755-5e969df8518b h1:O6VpvcDz9YpNZtnc9TYK5782jzXyN0TMVqp1kVgeY1E=
github.com/noi-techpark/go-opendatahub-discoverswiss v0.0.0-20250327083755-5e969df8518b/go.mod h1:5WamTY7eAAHj6B3jHwAbudv6rnUY5f5OqGyY3UWothg=
github.com/noi-techpark/go-opendatahub-discoverswiss v0.0.0-20250328103816-50eca4d3c30e h1:7nmlLbfakZb0PQPA/XC/6pJFQNCsnjCU5ITfO5OcdQM=
github.com/noi-techpark/go-opendatahub-discoverswiss v0.0.0-20250328103816-50eca4d3c30e/go.mod h1:5WamTY7eAAHj6B3jHwAbudv6rnUY5f5OqGyY3UWothg=
github.com/noi-techpark/go-opendatahub-discoverswiss v0.0.0-20250328123718-d29ea5ea27c7 h1:8wwihhLaxExy+QRbzQX++aNgqTttTUBEiLxOpWcQW0o=
github.com/noi-techpark/go-opendatahub-discoverswiss v0.0.0-20250328123718-d29ea5ea27c7/go.mod h1:5WamTY7eAAHj6B3jHwAbudv6rnUY5f5OqGyY3UWothg=
github.com/noi-techpark/go-opendatahub-ingest v0.0.0-20241121092514-13f81a2c1241 h1:FI5JAF/RwPZEjcpzC8JQhbSI757SEmL2+ncl0WRCI2A=
github.com/noi-techpark/go-opendatahub-ingest v0.0.0-20241121092514-13f81a2c1241/go.mod h1:OR71Qot9WXWSNwLjNNuhhdIts1KbDfDzbwv2F/Q6KOk=
github.com/noi-techpark/go-opendatahub-ingest v1.3.0 h1:M0+w6epEQhGjmACESgC46kABtOVCy2jWhZQG0WssPsE=
github.com/noi-techpark/go-opendatahub-ingest v1.3.0/go.mod h1:i/2Gbagc/PBHZD7pjW/22WHvc9MBkhJ9RhVhJ/s9h3c=
github.com/noi-techpark/go-opendatahub-ingest v1.3.1 h1:lfJjn9K2Hza9EE+g/mtDOSfNMuRtcwa2OE7sP9CWk6E=
github.com/noi-techpark/go-opendatahub-ingest v1.3.1/go.mod h1:i/2Gbagc/PBHZD7pjW/22WHvc9MBkhJ9RhVhJ/s9h3c=
github.com/rabbitmq/amqp091-go v1.10.0 h1:STpn5XsHlHGcecLmMFCtg7mqq0RnD+zFr4uzukfVhBw=
github.com/rabbitmq/amqp091-go v1.10.0/go.mod h1:Hy4jKW5kQART1u+JkDTF9YYOQUHXqMuhrgxOEeS7G4o=
github.com/robfig/cron/v3 v3.0.1 h1:WdRxkvbJztn8LMz/QEvLN5sBU+xKpSqwwUO1Pjr4qDs=
github.com/robfig/cron/v3 v3.0.1/go.mod h1:eQICP3HwyT7UooqI/z+Ov+PtYAWygg1TEWWzGIFLtro=
go.uber.org/goleak v1.3.0 h1:2K3zAYmnTNqV73imy9J1T3WC+gmCePx2hEGkimedGto=
go.uber.org/goleak v1.3.0/go.mod h1:CoHD4mav9JJNrW/WLlf7HGZPjdw8EucARQHekz1X6bE=
golang.org/x/sys v0.20.0 h1:Od9JTbYCk261bKm4M/mw7AklTlFYIa0bIp9BgSm1S8Y=
golang.org/x/sys v0.20.0/go.mod h1:/VUhepiaJMQUp4+oa/7Zr1D23ma6VTLIYjOOTFZPUcA=
