github.com/hashicorp/go-cleanhttp v0.5.2 h1:035FKYIWjmULyFRBKPs8TBQoi0x6d9G4xc9neXJWAZQ=
github.com/hashicorp/go-cleanhttp v0.5.2/go.mod h1:kO/YDlP8L1346E6Sodw+PrpBSV4/SoxCXGY6BqNFT48=
github.com/hashicorp/go-retryablehttp v0.7.7 h1:C8hUCYzor8PIfXHa4UrZkU4VvK8o9ISHxT2Q8+VepXU=
github.com/hashicorp/go-retryablehttp v0.7.7/go.mod h1:pkQpWZeYWskR+D1tR2O5OcBFOxfA7DoAO6xtkuQnHTk=
github.com/joho/godotenv v1.5.1 h1:7eLL/+HRGLY0ldzfGMeQkb7vMd0as4CfYvUVzLqw0N0=
github.com/joho/godotenv v1.5.1/go.mod h1:f4LDr5Voq0i2e/R5DDNOoa2zzDfwtkZa6DnEwAbqwq4=
github.com/kelseyhightower/envconfig v1.4.0 h1:Im6hONhd3pLkfDFsbRgu68RDNkGF1r3dvMUtDTo2cv8=
github.com/kelseyhightower/envconfig v1.4.0/go.mod h1:cccZRl6mQpaq41TPp5QxidR+Sa3axMbJDNb//FQX6Gg=
github.com/lpernett/godotenv v0.0.0-20230527005122-0de1d4c5ef5e h1:6b4YTtccT1y/3eSsDCVhB6boPPCh5bQwP1Pa863yH28=
github.com/lpernett/godotenv v0.0.0-20230527005122-0de1d4c5ef5e/go.mod h1:K+inF/XYdmRn4sSP3IU4EM3KcOdGVJUJqZPmrQSxjGo=
github.com/noi-techpark/go-opendatahub-discoverswiss v0.0.0-20250129105458-e666b9c71e5e h1:JoNXzVoEyZPeBWLlToxnODAPP5mv55MogP0MrTa1fHk=
github.com/noi-techpark/go-opendatahub-discoverswiss v0.0.0-20250129105458-e666b9c71e5e/go.mod h1:5WamTY7eAAHj6B3jHwAbudv6rnUY5f5OqGyY3UWothg=
github.com/noi-techpark/go-opendatahub-ingest v0.0.0-20241119065535-d68a9695ad44 h1:rr/a0Lha81kj2sase8SXQrFrWHeFduUehgMAjiZwRC0=
github.com/noi-techpark/go-opendatahub-ingest v0.0.0-20241119065535-d68a9695ad44/go.mod h1:OR71Qot9WXWSNwLjNNuhhdIts1KbDfDzbwv2F/Q6KOk=
github.com/noi-techpark/go-opendatahub-ingest v0.0.0-20241121092514-13f81a2c1241 h1:FI5JAF/RwPZEjcpzC8JQhbSI757SEmL2+ncl0WRCI2A=
github.com/noi-techpark/go-opendatahub-ingest v0.0.0-20241121092514-13f81a2c1241/go.mod h1:OR71Qot9WXWSNwLjNNuhhdIts1KbDfDzbwv2F/Q6KOk=
github.com/rabbitmq/amqp091-go v1.10.0 h1:STpn5XsHlHGcecLmMFCtg7mqq0RnD+zFr4uzukfVhBw=
github.com/rabbitmq/amqp091-go v1.10.0/go.mod h1:Hy4jKW5kQART1u+JkDTF9YYOQUHXqMuhrgxOEeS7G4o=
github.com/robfig/cron/v3 v3.0.1 h1:WdRxkvbJztn8LMz/QEvLN5sBU+xKpSqwwUO1Pjr4qDs=
github.com/robfig/cron/v3 v3.0.1/go.mod h1:eQICP3HwyT7UooqI/z+Ov+PtYAWygg1TEWWzGIFLtro=
go.uber.org/goleak v1.3.0 h1:2K3zAYmnTNqV73imy9J1T3WC+gmCePx2hEGkimedGto=
go.uber.org/goleak v1.3.0/go.mod h1:CoHD4mav9JJNrW/WLlf7HGZPjdw8EucARQHekz1X6bE=
